// !$*UTF8*$!
{
	archiveVersion = 1;
	classes = {
	};
	objectVersion = 46;
	objects = {

/* Begin PBXBuildFile section */
		C999799C1CEB6C4800E8CE57 /* main.m in Sources */ = {isa = PBXBuildFile; fileRef = C999799B1CEB6C4800E8CE57 /* main.m */; };
		C999799F1CEB6C4800E8CE57 /* AppDelegate.m in Sources */ = {isa = PBXBuildFile; fileRef = C999799E1CEB6C4800E8CE57 /* AppDelegate.m */; };
		C99979A71CEB6C4800E8CE57 /* Assets.xcassets in Resources */ = {isa = PBXBuildFile; fileRef = C99979A61CEB6C4800E8CE57 /* Assets.xcassets */; };
		C99979AA1CEB6C4800E8CE57 /* LaunchScreen.storyboard in Resources */ = {isa = PBXBuildFile; fileRef = C99979A81CEB6C4800E8CE57 /* LaunchScreen.storyboard */; };
		C99979BB1CEB6EDE00E8CE57 /* HomeViewController.m in Sources */ = {isa = PBXBuildFile; fileRef = C99979BA1CEB6EDE00E8CE57 /* HomeViewController.m */; };
		C99979CA1CEB716100E8CE57 /* navigationbar_setting@2x.png in Resources */ = {isa = PBXBuildFile; fileRef = C99979C61CEB716100E8CE57 /* navigationbar_setting@2x.png */; };
		C99979CB1CEB716100E8CE57 /* navigationbar_setting@3x.png in Resources */ = {isa = PBXBuildFile; fileRef = C99979C71CEB716100E8CE57 /* navigationbar_setting@3x.png */; };
		C99979CC1CEB716100E8CE57 /* tu_empty@2x.png in Resources */ = {isa = PBXBuildFile; fileRef = C99979C81CEB716100E8CE57 /* tu_empty@2x.png */; };
		C99979CD1CEB716100E8CE57 /* tu_empty@3x.png in Resources */ = {isa = PBXBuildFile; fileRef = C99979C91CEB716100E8CE57 /* tu_empty@3x.png */; };
		C99979D11CEB728F00E8CE57 /* HomeTableView.m in Sources */ = {isa = PBXBuildFile; fileRef = C99979D01CEB728F00E8CE57 /* HomeTableView.m */; };
/* End PBXBuildFile section */

/* Begin PBXFileReference section */
		C99979971CEB6C4800E8CE57 /* iOS News.app */ = {isa = PBXFileReference; explicitFileType = wrapper.application; includeInIndex = 0; path = "iOS News.app"; sourceTree = BUILT_PRODUCTS_DIR; };
		C999799B1CEB6C4800E8CE57 /* main.m */ = {isa = PBXFileReference; lastKnownFileType = sourcecode.c.objc; path = main.m; sourceTree = "<group>"; };
		C999799D1CEB6C4800E8CE57 /* AppDelegate.h */ = {isa = PBXFileReference; lastKnownFileType = sourcecode.c.h; path = AppDelegate.h; sourceTree = "<group>"; };
		C999799E1CEB6C4800E8CE57 /* AppDelegate.m */ = {isa = PBXFileReference; lastKnownFileType = sourcecode.c.objc; path = AppDelegate.m; sourceTree = "<group>"; };
		C99979A61CEB6C4800E8CE57 /* Assets.xcassets */ = {isa = PBXFileReference; lastKnownFileType = folder.assetcatalog; path = Assets.xcassets; sourceTree = "<group>"; };
		C99979A91CEB6C4800E8CE57 /* Base */ = {isa = PBXFileReference; lastKnownFileType = file.storyboard; name = Base; path = Base.lproj/LaunchScreen.storyboard; sourceTree = "<group>"; };
		C99979AB1CEB6C4800E8CE57 /* Info.plist */ = {isa = PBXFileReference; lastKnownFileType = text.plist.xml; path = Info.plist; sourceTree = "<group>"; };
		C99979B91CEB6EDE00E8CE57 /* HomeViewController.h */ = {isa = PBXFileReference; fileEncoding = 4; lastKnownFileType = sourcecode.c.h; path = HomeViewController.h; sourceTree = "<group>"; };
		C99979BA1CEB6EDE00E8CE57 /* HomeViewController.m */ = {isa = PBXFileReference; fileEncoding = 4; lastKnownFileType = sourcecode.c.objc; path = HomeViewController.m; sourceTree = "<group>"; };
		C99979C61CEB716100E8CE57 /* navigationbar_setting@2x.png */ = {isa = PBXFileReference; lastKnownFileType = image.png; path = "navigationbar_setting@2x.png"; sourceTree = "<group>"; };
		C99979C71CEB716100E8CE57 /* navigationbar_setting@3x.png */ = {isa = PBXFileReference; lastKnownFileType = image.png; path = "navigationbar_setting@3x.png"; sourceTree = "<group>"; };
		C99979C81CEB716100E8CE57 /* tu_empty@2x.png */ = {isa = PBXFileReference; lastKnownFileType = image.png; path = "tu_empty@2x.png"; sourceTree = "<group>"; };
		C99979C91CEB716100E8CE57 /* tu_empty@3x.png */ = {isa = PBXFileReference; lastKnownFileType = image.png; path = "tu_empty@3x.png"; sourceTree = "<group>"; };
		C99979CF1CEB728F00E8CE57 /* HomeTableView.h */ = {isa = PBXFileReference; fileEncoding = 4; lastKnownFileType = sourcecode.c.h; path = HomeTableView.h; sourceTree = "<group>"; };
		C99979D01CEB728F00E8CE57 /* HomeTableView.m */ = {isa = PBXFileReference; fileEncoding = 4; lastKnownFileType = sourcecode.c.objc; path = HomeTableView.m; sourceTree = "<group>"; };
/* End PBXFileReference section */

/* Begin PBXFrameworksBuildPhase section */
		C99979941CEB6C4800E8CE57 /* Frameworks */ = {
			isa = PBXFrameworksBuildPhase;
			buildActionMask = 2147483647;
			files = (
			);
			runOnlyForDeploymentPostprocessing = 0;
		};
/* End PBXFrameworksBuildPhase section */

/* Begin PBXGroup section */
		C999798E1CEB6C4800E8CE57 = {
			isa = PBXGroup;
			children = (
				C99979991CEB6C4800E8CE57 /* iOS News */,
				C99979981CEB6C4800E8CE57 /* Products */,
			);
			sourceTree = "<group>";
		};
		C99979981CEB6C4800E8CE57 /* Products */ = {
			isa = PBXGroup;
			children = (
				C99979971CEB6C4800E8CE57 /* iOS News.app */,
			);
			name = Products;
			sourceTree = "<group>";
		};
		C99979991CEB6C4800E8CE57 /* iOS News */ = {
			isa = PBXGroup;
			children = (
				C99979B41CEB6E7700E8CE57 /* Home */,
				C999799D1CEB6C4800E8CE57 /* AppDelegate.h */,
				C999799E1CEB6C4800E8CE57 /* AppDelegate.m */,
				C99979A61CEB6C4800E8CE57 /* Assets.xcassets */,
				C99979A81CEB6C4800E8CE57 /* LaunchScreen.storyboard */,
				C99979AB1CEB6C4800E8CE57 /* Info.plist */,
				C999799A1CEB6C4800E8CE57 /* Supporting Files */,
			);
			path = "iOS News";
			sourceTree = "<group>";
		};
		C999799A1CEB6C4800E8CE57 /* Supporting Files */ = {
			isa = PBXGroup;
			children = (
				C99979C51CEB716100E8CE57 /* Resources */,
				C999799B1CEB6C4800E8CE57 /* main.m */,
			);
			name = "Supporting Files";
			sourceTree = "<group>";
		};
		C99979B41CEB6E7700E8CE57 /* Home */ = {
			isa = PBXGroup;
			children = (
				C99979CE1CEB727500E8CE57 /* View */,
				C99979B81CEB6EDE00E8CE57 /* ViewController */,
			);
			path = Home;
			sourceTree = "<group>";
		};
		C99979B81CEB6EDE00E8CE57 /* ViewController */ = {
			isa = PBXGroup;
			children = (
				C99979B91CEB6EDE00E8CE57 /* HomeViewController.h */,
				C99979BA1CEB6EDE00E8CE57 /* HomeViewController.m */,
			);
			path = ViewController;
			sourceTree = "<group>";
		};
		C99979C51CEB716100E8CE57 /* Resources */ = {
			isa = PBXGroup;
			children = (
				C99979C61CEB716100E8CE57 /* navigationbar_setting@2x.png */,
				C99979C71CEB716100E8CE57 /* navigationbar_setting@3x.png */,
				C99979C81CEB716100E8CE57 /* tu_empty@2x.png */,
				C99979C91CEB716100E8CE57 /* tu_empty@3x.png */,
			);
			path = Resources;
			sourceTree = "<group>";
		};
		C99979CE1CEB727500E8CE57 /* View */ = {
			isa = PBXGroup;
			children = (
				C99979CF1CEB728F00E8CE57 /* HomeTableView.h */,
				C99979D01CEB728F00E8CE57 /* HomeTableView.m */,
			);
			path = View;
			sourceTree = "<group>";
		};
/* End PBXGroup section */

/* Begin PBXNativeTarget section */
		C99979961CEB6C4800E8CE57 /* iOS News */ = {
			isa = PBXNativeTarget;
			buildConfigurationList = C99979AE1CEB6C4900E8CE57 /* Build configuration list for PBXNativeTarget "iOS News" */;
			buildPhases = (
				C99979931CEB6C4800E8CE57 /* Sources */,
				C99979941CEB6C4800E8CE57 /* Frameworks */,
				C99979951CEB6C4800E8CE57 /* Resources */,
			);
			buildRules = (
			);
			dependencies = (
			);
			name = "iOS News";
			productName = "iOS News";
			productReference = C99979971CEB6C4800E8CE57 /* iOS News.app */;
			productType = "com.apple.product-type.application";
		};
/* End PBXNativeTarget section */

/* Begin PBXProject section */
		C999798F1CEB6C4800E8CE57 /* Project object */ = {
			isa = PBXProject;
			attributes = {
				LastUpgradeCheck = 0730;
				ORGANIZATIONNAME = XWH;
				TargetAttributes = {
					C99979961CEB6C4800E8CE57 = {
						CreatedOnToolsVersion = 7.3;
					};
				};
			};
			buildConfigurationList = C99979921CEB6C4800E8CE57 /* Build configuration list for PBXProject "iOS News" */;
			compatibilityVersion = "Xcode 3.2";
			developmentRegion = English;
			hasScannedForEncodings = 0;
			knownRegions = (
				en,
				Base,
			);
			mainGroup = C999798E1CEB6C4800E8CE57;
			productRefGroup = C99979981CEB6C4800E8CE57 /* Products */;
			projectDirPath = "";
			projectRoot = "";
			targets = (
				C99979961CEB6C4800E8CE57 /* iOS News */,
			);
		};
/* End PBXProject section */

/* Begin PBXResourcesBuildPhase section */
		C99979951CEB6C4800E8CE57 /* Resources */ = {
			isa = PBXResourcesBuildPhase;
			buildActionMask = 2147483647;
			files = (
				C99979CB1CEB716100E8CE57 /* navigationbar_setting@3x.png in Resources */,
				C99979AA1CEB6C4800E8CE57 /* LaunchScreen.storyboard in Resources */,
				C99979A71CEB6C4800E8CE57 /* Assets.xcassets in Resources */,
				C99979CA1CEB716100E8CE57 /* navigationbar_setting@2x.png in Resources */,
				C99979CD1CEB716100E8CE57 /* tu_empty@3x.png in Resources */,
				C99979CC1CEB716100E8CE57 /* tu_empty@2x.png in Resources */,
			);
			runOnlyForDeploymentPostprocessing = 0;
		};
/* End PBXResourcesBuildPhase section */

/* Begin PBXSourcesBuildPhase section */
		C99979931CEB6C4800E8CE57 /* Sources */ = {
			isa = PBXSourcesBuildPhase;
			buildActionMask = 2147483647;
			files = (
				C999799F1CEB6C4800E8CE57 /* AppDelegate.m in Sources */,
				C999799C1CEB6C4800E8CE57 /* main.m in Sources */,
				C99979D11CEB728F00E8CE57 /* HomeTableView.m in Sources */,
				C99979BB1CEB6EDE00E8CE57 /* HomeViewController.m in Sources */,
			);
			runOnlyForDeploymentPostprocessing = 0;
		};
/* End PBXSourcesBuildPhase section */

/* Begin PBXVariantGroup section */
		C99979A81CEB6C4800E8CE57 /* LaunchScreen.storyboard */ = {
			isa = PBXVariantGroup;
			children = (
				C99979A91CEB6C4800E8CE57 /* Base */,
			);
			name = LaunchScreen.storyboard;
			sourceTree = "<group>";
		};
/* End PBXVariantGroup section */

/* Begin XCBuildConfiguration section */
		C99979AC1CEB6C4800E8CE57 /* Debug */ = {
			isa = XCBuildConfiguration;
			buildSettings = {
				ALWAYS_SEARCH_USER_PATHS = NO;
				CLANG_ANALYZER_NONNULL = YES;
				CLANG_CXX_LANGUAGE_STANDARD = "gnu++0x";
				CLANG_CXX_LIBRARY = "libc++";
				CLANG_ENABLE_MODULES = YES;
				CLANG_ENABLE_OBJC_ARC = YES;
				CLANG_WARN_BOOL_CONVERSION = YES;
				CLANG_WARN_CONSTANT_CONVERSION = YES;
				CLANG_WARN_DIRECT_OBJC_ISA_USAGE = YES_ERROR;
				CLANG_WARN_EMPTY_BODY = YES;
				CLANG_WARN_ENUM_CONVERSION = YES;
				CLANG_WARN_INT_CONVERSION = YES;
				CLANG_WARN_OBJC_ROOT_CLASS = YES_ERROR;
				CLANG_WARN_UNREACHABLE_CODE = YES;
				CLANG_WARN__DUPLICATE_METHOD_MATCH = YES;
				"CODE_SIGN_IDENTITY[sdk=iphoneos*]" = "iPhone Developer";
				COPY_PHASE_STRIP = NO;
				DEBUG_INFORMATION_FORMAT = dwarf;
				ENABLE_STRICT_OBJC_MSGSEND = YES;
				ENABLE_TESTABILITY = YES;
				GCC_C_LANGUAGE_STANDARD = gnu99;
				GCC_DYNAMIC_NO_PIC = NO;
				GCC_NO_COMMON_BLOCKS = YES;
				GCC_OPTIMIZATION_LEVEL = 0;
				GCC_PREPROCESSOR_DEFINITIONS = (
					"DEBUG=1",
					"$(inherited)",
				);
				GCC_WARN_64_TO_32_BIT_CONVERSION = YES;
				GCC_WARN_ABOUT_RETURN_TYPE = YES_ERROR;
				GCC_WARN_UNDECLARED_SELECTOR = YES;
				GCC_WARN_UNINITIALIZED_AUTOS = YES_AGGRESSIVE;
				GCC_WARN_UNUSED_FUNCTION = YES;
				GCC_WARN_UNUSED_VARIABLE = YES;
				IPHONEOS_DEPLOYMENT_TARGET = 9.3;
				MTL_ENABLE_DEBUG_INFO = YES;
				ONLY_ACTIVE_ARCH = YES;
				SDKROOT = iphoneos;
				TARGETED_DEVICE_FAMILY = "1,2";
			};
			name = Debug;
		};
		C99979AD1CEB6C4800E8CE57 /* Release */ = {
			isa = XCBuildConfiguration;
			buildSettings = {
				ALWAYS_SEARCH_USER_PATHS = NO;
				CLANG_ANALYZER_NONNULL = YES;
				CLANG_CXX_LANGUAGE_STANDARD = "gnu++0x";
				CLANG_CXX_LIBRARY = "libc++";
				CLANG_ENABLE_MODULES = YES;
				CLANG_ENABLE_OBJC_ARC = YES;
				CLANG_WARN_BOOL_CONVERSION = YES;
				CLANG_WARN_CONSTANT_CONVERSION = YES;
				CLANG_WARN_DIRECT_OBJC_ISA_USAGE = YES_ERROR;
				CLANG_WARN_EMPTY_BODY = YES;
				CLANG_WARN_ENUM_CONVERSION = YES;
				CLANG_WARN_INT_CONVERSION = YES;
				CLANG_WARN_OBJC_ROOT_CLASS = YES_ERROR;
				CLANG_WARN_UNREACHABLE_CODE = YES;
				CLANG_WARN__DUPLICATE_METHOD_MATCH = YES;
				"CODE_SIGN_IDENTITY[sdk=iphoneos*]" = "iPhone Developer";
				COPY_PHASE_STRIP = NO;
				DEBUG_INFORMATION_FORMAT = "dwarf-with-dsym";
				ENABLE_NS_ASSERTIONS = NO;
				ENABLE_STRICT_OBJC_MSGSEND = YES;
				GCC_C_LANGUAGE_STANDARD = gnu99;
				GCC_NO_COMMON_BLOCKS = YES;
				GCC_WARN_64_TO_32_BIT_CONVERSION = YES;
				GCC_WARN_ABOUT_RETURN_TYPE = YES_ERROR;
				GCC_WARN_UNDECLARED_SELECTOR = YES;
				GCC_WARN_UNINITIALIZED_AUTOS = YES_AGGRESSIVE;
				GCC_WARN_UNUSED_FUNCTION = YES;
				GCC_WARN_UNUSED_VARIABLE = YES;
				IPHONEOS_DEPLOYMENT_TARGET = 9.3;
				MTL_ENABLE_DEBUG_INFO = NO;
				SDKROOT = iphoneos;
				TARGETED_DEVICE_FAMILY = "1,2";
				VALIDATE_PRODUCT = YES;
			};
			name = Release;
		};
		C99979AF1CEB6C4900E8CE57 /* Debug */ = {
			isa = XCBuildConfiguration;
			buildSettings = {
				ASSETCATALOG_COMPILER_APPICON_NAME = AppIcon;
				INFOPLIST_FILE = "iOS News/Info.plist";
				IPHONEOS_DEPLOYMENT_TARGET = 9.0;
				LD_RUNPATH_SEARCH_PATHS = "$(inherited) @executable_path/Frameworks";
				PRODUCT_BUNDLE_IDENTIFIER = "com.1019459067.iOS-News";
				PRODUCT_NAME = "$(TARGET_NAME)";
			};
			name = Debug;
		};
		C99979B01CEB6C4900E8CE57 /* Release */ = {
			isa = XCBuildConfiguration;
			buildSettings = {
				ASSETCATALOG_COMPILER_APPICON_NAME = AppIcon;
				INFOPLIST_FILE = "iOS News/Info.plist";
				IPHONEOS_DEPLOYMENT_TARGET = 9.0;
				LD_RUNPATH_SEARCH_PATHS = "$(inherited) @executable_path/Frameworks";
				PRODUCT_BUNDLE_IDENTIFIER = "com.1019459067.iOS-News";
				PRODUCT_NAME = "$(TARGET_NAME)";
			};
			name = Release;
		};
/* End XCBuildConfiguration section */

/* Begin XCConfigurationList section */
		C99979921CEB6C4800E8CE57 /* Build configuration list for PBXProject "iOS News" */ = {
			isa = XCConfigurationList;
			buildConfigurations = (
				C99979AC1CEB6C4800E8CE57 /* Debug */,
				C99979AD1CEB6C4800E8CE57 /* Release */,
			);
			defaultConfigurationIsVisible = 0;
			defaultConfigurationName = Release;
		};
		C99979AE1CEB6C4900E8CE57 /* Build configuration list for PBXNativeTarget "iOS News" */ = {
			isa = XCConfigurationList;
			buildConfigurations = (
				C99979AF1CEB6C4900E8CE57 /* Debug */,
				C99979B01CEB6C4900E8CE57 /* Release */,
			);
			defaultConfigurationIsVisible = 0;
			defaultConfigurationName = Release;
		};
/* End XCConfigurationList section */
	};
	rootObject = C999798F1CEB6C4800E8CE57 /* Project object */;
}
